
Microsoft Visual Studio Solution File, Format Version 12.00
# Visual Studio Version 16
VisualStudioVersion = 16.0.30907.101
MinimumVisualStudioVersion = 10.0.40219.1
Project("{9A19103F-16F7-4668-BE54-9A1E7A4F7556}") = "OOP1", "OOP1\OOP1.csproj", "{660D7245-5779-43A1-9461-7AA4B91887B1}"
EndProject
Project("{9A19103F-16F7-4668-BE54-9A1E7A4F7556}") = "Koleksiyonlar", "Koleksiyonlar\Koleksiyonlar.csproj", "{4778581F-8202-4F43-B10E-7B4293400C58}"
EndProject
Project("{9A19103F-16F7-4668-BE54-9A1E7A4F7556}") = "GecenericsIntro", "GecenericsIntro\GecenericsIntro.csproj", "{90FA45E2-8522-4101-B984-2624BBC9584F}"
EndProject
Project("{FAE04EC0-301F-11D3-BF4B-00C04F79EFBC}") = "MyDic", "MyDic\MyDic.csproj", "{C760FBED-8151-40D4-ACC5-C9D291F199E1}"
EndProject
Global
	GlobalSection(SolutionConfigurationPlatforms) = preSolution
		Debug|Any CPU = Debug|Any CPU
		Release|Any CPU = Release|Any CPU
	EndGlobalSection
	GlobalSection(ProjectConfigurationPlatforms) = postSolution
		{660D7245-5779-43A1-9461-7AA4B91887B1}.Debug|Any CPU.ActiveCfg = Debug|Any CPU
		{660D7245-5779-43A1-9461-7AA4B91887B1}.Debug|Any CPU.Build.0 = Debug|Any CPU
		{660D7245-5779-43A1-9461-7AA4B91887B1}.Release|Any CPU.ActiveCfg = Release|Any CPU
		{660D7245-5779-43A1-9461-7AA4B91887B1}.Release|Any CPU.Build.0 = Release|Any CPU
		{4778581F-8202-4F43-B10E-7B4293400C58}.Debug|Any CPU.ActiveCfg = Debug|Any CPU
		{4778581F-8202-4F43-B10E-7B4293400C58}.Debug|Any CPU.Build.0 = Debug|Any CPU
		{4778581F-8202-4F43-B10E-7B4293400C58}.Release|Any CPU.ActiveCfg = Release|Any CPU
		{4778581F-8202-4F43-B10E-7B4293400C58}.Release|Any CPU.Build.0 = Release|Any CPU
		{90FA45E2-8522-4101-B984-2624BBC9584F}.Debug|Any CPU.ActiveCfg = Debug|Any CPU
		{90FA45E2-8522-4101-B984-2624BBC9584F}.Debug|Any CPU.Build.0 = Debug|Any CPU
		{90FA45E2-8522-4101-B984-2624BBC9584F}.Release|Any CPU.ActiveCfg = Release|Any CPU
		{90FA45E2-8522-4101-B984-2624BBC9584F}.Release|Any CPU.Build.0 = Release|Any CPU
		{C760FBED-8151-40D4-ACC5-C9D291F199E1}.Debug|Any CPU.ActiveCfg = Debug|Any CPU
		{C760FBED-8151-40D4-ACC5-C9D291F199E1}.Debug|Any CPU.Build.0 = Debug|Any CPU
		{C760FBED-8151-40D4-ACC5-C9D291F199E1}.Release|Any CPU.ActiveCfg = Release|Any CPU
		{C760FBED-8151-40D4-ACC5-C9D291F199E1}.Release|Any CPU.Build.0 = Release|Any CPU
	EndGlobalSection
	GlobalSection(SolutionProperties) = preSolution
		HideSolutionNode = FALSE
	EndGlobalSection
	GlobalSection(ExtensibilityGlobals) = postSolution
		SolutionGuid = {E18B9A89-9FD0-41AC-A13E-0B97ED8556C0}
	EndGlobalSection
EndGlobal
